dependencies:
  espressif/button:
    component_hash: f53face2ab21fa0ffaf4cf0f6e513d393f56df6586bb2ad1146120f03f19ee05
    dependencies:
    - name: espressif/cmake_utilities
      registry_url: https://components.espressif.com
      require: private
      version: '*'
    - name: idf
      require: private
      version: '>=4.0'
    source:
      registry_url: https://components.espressif.com/
      type: service
    version: 4.1.3
  espressif/cmake_utilities:
    component_hash: 05165f30922b422b4b90c08845e6d449329b97370fbd06309803d8cb539d79e3
    dependencies:
    - name: idf
      require: private
      version: '>=4.1'
    source:
      registry_url: https://components.espressif.com
      type: service
    version: 1.1.1
  espressif/libpng:
    component_hash: d2fb0a8234e65fa7dd0bd80841e955c53557b70ef405dbb2290303ae2f4219bd
    dependencies:
    - name: idf
      require: private
      version: '>=4.4'
    - name: espressif/zlib
      registry_url: https://components.espressif.com
      require: private
      version: ^1.2.13
    source:
      registry_url: https://components.espressif.com/
      type: service
    version: 1.6.39~1
  espressif/zlib:
    component_hash: d901723af51f13fc8e5824f39f32239c847956e8fd951a05266588dc5cfbb9ae
    dependencies:
    - name: idf
      require: private
      version: '>=4.4'
    source:
      registry_url: https://components.espressif.com
      type: service
    version: 1.3.1
  idf:
    source:
      type: idf
    version: 5.4.0
  joltwallet/littlefs:
    component_hash: 8e12955f47e27e6070b76715a96d6c75fc2b44f069e8c33679332d9bdd3120c4
    dependencies:
    - name: idf
      require: private
      version: '>=5.0'
    source:
      registry_url: https://components.espressif.com/
      type: service
    version: 1.20.1
  lvgl/lvgl:
    component_hash: b702d642e03e95928046d5c6726558e6444e112420c77efa5fdb6650b0a13c5d
    dependencies: []
    source:
      registry_url: https://components.espressif.com/
      type: service
    version: 9.3.0
direct_dependencies:
- espressif/button
- espressif/libpng
- idf
- joltwallet/littlefs
- lvgl/lvgl
manifest_hash: 7a9bb7a79daf29ca512a5a612b511a7dbf6c438d2f561a20c0b1224c0498b7df
target: esp32s3
version: 2.0.0
